# This file is automatically @generated by mz-deploy.
# It is not intended for manual editing.
version = 1

[[table]]
name = "qa_canary_environment.public_loadgen_sources.customer_tbl"
columns = [
    { name = "key", type = "bytea", nullable = false },
    { name = "customer_id", type = "integer", nullable = false },
    { name = "region_id", type = "integer", nullable = false },
    { name = "customer_name", type = "text", nullable = false },
    { name = "customer_email", type = "text", nullable = false },
    { name = "customer_phone", type = "text", nullable = false },
    { name = "kafka_timestamp", type = "timestamp without time zone", nullable = false },
]

[[table]]
name = "qa_canary_environment.public_loadgen_sources.sales_tbl"
columns = [
    { name = "key", type = "bytea", nullable = false },
    { name = "sales_id", type = "text", nullable = false },
    { name = "product_id", type = "integer", nullable = false },
    { name = "customer_id", type = "integer", nullable = false },
    { name = "store_id", type = "integer", nullable = false },
    { name = "supplier_id", type = "integer", nullable = false },
    { name = "quantity", type = "integer", nullable = false },
    { name = "total_cost", type = "text", nullable = false },
    { name = "total_revenue", type = "text", nullable = false },
    { name = "kafka_timestamp", type = "timestamp without time zone", nullable = false },
]

[[table]]
name = "qa_canary_environment.public_mysql_cdc_sources.mysql_people"
columns = [
    { name = "id", type = "integer", nullable = false },
    { name = "name", type = "text", nullable = true },
    { name = "incarnation", type = "integer", nullable = true },
]

[[table]]
name = "qa_canary_environment.public_mysql_cdc_sources.mysql_relationships"
columns = [
    { name = "a", type = "integer", nullable = false },
    { name = "b", type = "integer", nullable = false },
    { name = "incarnation", type = "integer", nullable = true },
]

[[table]]
name = "qa_canary_environment.public_pg_cdc_sources.pg_people"
columns = [
    { name = "id", type = "integer", nullable = false },
    { name = "name", type = "text", nullable = true },
    { name = "incarnation", type = "integer", nullable = true },
]

[[table]]
name = "qa_canary_environment.public_pg_cdc_sources.pg_relationships"
columns = [
    { name = "a", type = "integer", nullable = false },
    { name = "b", type = "integer", nullable = false },
    { name = "incarnation", type = "integer", nullable = true },
]

[[table]]
name = "qa_canary_environment.public_tpch_sources.tpch_customer"
columns = [
    { name = "c_custkey", type = "bigint", nullable = false },
    { name = "c_name", type = "text", nullable = false },
    { name = "c_address", type = "text", nullable = false },
    { name = "c_nationkey", type = "bigint", nullable = false },
    { name = "c_phone", type = "text", nullable = false },
    { name = "c_acctbal", type = "numeric", nullable = false },
    { name = "c_mktsegment", type = "text", nullable = false },
    { name = "c_comment", type = "text", nullable = false },
]

[[table]]
name = "qa_canary_environment.public_tpch_sources.tpch_lineitem"
columns = [
    { name = "l_orderkey", type = "bigint", nullable = false },
    { name = "l_partkey", type = "bigint", nullable = false },
    { name = "l_suppkey", type = "bigint", nullable = false },
    { name = "l_linenumber", type = "integer", nullable = false },
    { name = "l_quantity", type = "numeric", nullable = false },
    { name = "l_extendedprice", type = "numeric", nullable = false },
    { name = "l_discount", type = "numeric", nullable = false },
    { name = "l_tax", type = "numeric", nullable = false },
    { name = "l_returnflag", type = "text", nullable = false },
    { name = "l_linestatus", type = "text", nullable = false },
    { name = "l_shipdate", type = "date", nullable = false },
    { name = "l_commitdate", type = "date", nullable = false },
    { name = "l_receiptdate", type = "date", nullable = false },
    { name = "l_shipinstruct", type = "text", nullable = false },
    { name = "l_shipmode", type = "text", nullable = false },
    { name = "l_comment", type = "text", nullable = false },
]

[[table]]
name = "qa_canary_environment.public_tpch_sources.tpch_orders"
columns = [
    { name = "o_orderkey", type = "bigint", nullable = false },
    { name = "o_custkey", type = "bigint", nullable = false },
    { name = "o_orderstatus", type = "text", nullable = false },
    { name = "o_totalprice", type = "numeric", nullable = false },
    { name = "o_orderdate", type = "date", nullable = false },
    { name = "o_orderpriority", type = "text", nullable = false },
    { name = "o_clerk", type = "text", nullable = false },
    { name = "o_shippriority", type = "integer", nullable = false },
    { name = "o_comment", type = "text", nullable = false },
]
