# This file is automatically @generated by mz-deploy.
# It is not intended for manual editing.
version = 1

[[table]]
database = "app"
schema = "ingest"
name = "orders"
kind = "table"
columns = [
    { name = "order_id", type = "integer", nullable = false },
    { name = "user_id", type = "integer", nullable = true },
    { name = "amount", type = "numeric", nullable = true },
    { name = "status", type = "text", nullable = true },
]

[[table]]
database = "app"
schema = "ingest"
name = "users"
kind = "table"
columns = [
    { name = "user_id", type = "integer", nullable = false },
    { name = "name", type = "text", nullable = true },
    { name = "email", type = "text", nullable = true },
]
