# This file is automatically @generated by mz-deploy.
# It is not intended for manual editing.
version = 2

[[view]]
name = "materialize.upstream.wide"
columns = [
    { name = "payload", type = "record", nullable = false, fields = [
        { name = "a", type = "integer", nullable = false },
        { name = "b", type = "text", nullable = true },
        { name = "nested", type = "record", nullable = false, fields = [
            { name = "a", type = "integer", nullable = false },
            { name = "b", type = "text", nullable = true },
        ] },
    ] },
    { name = "tags", type = "list", nullable = true, of = { type = "bigint" } },
    { name = "amount", type = "numeric(39,2)", nullable = true },
]
