# This file is automatically @generated by mz-deploy.
# It is not intended for manual editing.
version = 1

[[table]]
name = "app.public.events"
columns = [
    { name = "event_id", type = "integer", nullable = true },
    { name = "category", type = "text", nullable = true },
    { name = "amount", type = "numeric", nullable = true },
]
