# This file is automatically @generated by mz-deploy.
# It is not intended for manual editing.
version = 1

[[table]]
database = "cdb"
schema = "ingest"
name = "emails_raw"
kind = "table"
columns = [
    { name = "email", type = "text", nullable = true },
    { name = "user_id", type = "integer", nullable = true },
]

[[table]]
database = "cdb"
schema = "ingest"
name = "orders_raw"
kind = "table"
columns = [
    { name = "order_id", type = "integer", nullable = true },
    { name = "user_id", type = "integer", nullable = true },
]

[[table]]
database = "cdb"
schema = "ingest"
name = "users_raw"
kind = "table"
columns = [
    { name = "id", type = "integer", nullable = true },
    { name = "name", type = "text", nullable = true },
]
