# This file is automatically @generated by mz-deploy.
# It is not intended for manual editing.
version = 2

[[table]]
name = "app.ingest.ledger_entry"
columns = [
    { name = "record", type = "record", nullable = true, fields = [
        { name = "id", type = "text", nullable = true },
        { name = "account_id", type = "bigint", nullable = true },
        { name = "type", type = "text", nullable = true },
        { name = "created", type = "timestamp without time zone", nullable = true },
        { name = "amount1", type = "numeric", nullable = true },
        { name = "amount2", type = "text", nullable = true },
        { name = "fee1", type = "numeric", nullable = true },
        { name = "fee2", type = "text", nullable = true },
        { name = "currency", type = "text", nullable = true },
        { name = "details", type = "text", nullable = true },
    ] },
]
