# This file is automatically @generated by mz-deploy.
# It is not intended for manual editing.
version = 1

[[table]]
name = "app.ingest.orders"
columns = [
    { name = "order_id", type = "integer", nullable = false },
    { name = "user_id", type = "integer", nullable = true },
    { name = "amount", type = "numeric", nullable = true },
    { name = "status", type = "text", nullable = true },
]

[[table]]
name = "app.ingest.products"
columns = [
    { name = "product_id", type = "integer", nullable = false },
    { name = "name", type = "text", nullable = true },
    { name = "price", type = "numeric", nullable = true },
]

[[table]]
name = "app.ingest.users"
columns = [
    { name = "user_id", type = "integer", nullable = false },
    { name = "name", type = "text", nullable = true },
    { name = "email", type = "text", nullable = true },
]
