# This file is automatically @generated by mz-deploy.
# It is not intended for manual editing.
version = 1

[[table]]
name = "app.ingest.items"
columns = [
    { name = "item_id", type = "integer", nullable = false },
    { name = "name", type = "text", nullable = true },
]

[[table]]
name = "app.ingest.t_in_mysql"
columns = [
    { name = "f1", type = "integer", nullable = true },
]
