{
  "checksum": "f07a4418dc05ac3d16b911c5258e6f5027568253486acfd470bde0c5845725e1",
  "crates": {
    "anstyle 1.0.4": {
      "name": "anstyle",
      "version": "1.0.4",
      "package_url": "https://github.com/rust-cli/anstyle.git",
      "repository": {
        "Http": {
          "url": "https://static.crates.io/crates/anstyle/1.0.4/download",
          "sha256": "7079075b41f533b8c61d2a4d073c4676e1f8b249ff94a393b0595db304e0dd87"
        }
      },
      "targets": [
        {
          "Library": {
            "crate_name": "anstyle",
            "crate_root": "src/lib.rs",
            "srcs": {
              "allow_empty": true,
              "include": [
                "**/*.rs"
              ]
            }
          }
        }
      ],
      "library_target_name": "anstyle",
      "common_attrs": {
        "compile_data_glob": [
          "**"
        ],
        "crate_features": {
          "common": [
            "default",
            "std"
          ],
          "selects": {}
        },
        "edition": "2021",
        "version": "1.0.4"
      },
      "license": "MIT OR Apache-2.0",
      "license_ids": [
        "Apache-2.0",
        "MIT"
      ],
      "license_file": "LICENSE-APACHE"
    },
    "cc 1.1.12": {
      "name": "cc",
      "version": "1.1.12",
      "package_url": "https://github.com/rust-lang/cc-rs",
      "repository": {
        "Http": {
          "url": "https://static.crates.io/crates/cc/1.1.12/download",
          "sha256": "68064e60dbf1f17005c2fde4d07c16d8baa506fd7ffed8ccab702d93617975c7"
        }
      },
      "targets": [
        {
          "Library": {
            "crate_name": "cc",
            "crate_root": "src/lib.rs",
            "srcs": {
              "allow_empty": true,
              "include": [
                "**/*.rs"
              ]
            }
          }
        }
      ],
      "library_target_name": "cc",
      "common_attrs": {
        "compile_data_glob": [
          "**"
        ],
        "deps": {
          "common": [
            {
              "id": "shlex 1.3.0",
              "target": "shlex"
            }
          ],
          "selects": {}
        },
        "edition": "2018",
        "version": "1.1.12"
      },
      "license": "MIT OR Apache-2.0",
      "license_ids": [
        "Apache-2.0",
        "MIT"
      ],
      "license_file": "LICENSE-APACHE"
    },
    "clap 4.4.6": {
      "name": "clap",
      "version": "4.4.6",
      "package_url": "https://github.com/clap-rs/clap",
      "repository": {
        "Http": {
          "url": "https://static.crates.io/crates/clap/4.4.6/download",
          "sha256": "d04704f56c2cde07f43e8e2c154b43f216dc5c92fc98ada720177362f953b956"
        }
      },
      "targets": [
        {
          "Library": {
            "crate_name": "clap",
            "crate_root": "src/lib.rs",
            "srcs": {
              "allow_empty": true,
              "include": [
                "**/*.rs"
              ]
            }
          }
        }
      ],
      "library_target_name": "clap",
      "common_attrs": {
        "compile_data_glob": [
          "**"
        ],
        "crate_features": {
          "common": [
            "error-context",
            "help",
            "std",
            "suggestions",
            "usage"
          ],
          "selects": {}
        },
        "deps": {
          "common": [
            {
              "id": "clap_builder 4.4.6",
              "target": "clap_builder"
            }
          ],
          "selects": {}
        },
        "edition": "2021",
        "version": "4.4.6"
      },
      "license": "MIT OR Apache-2.0",
      "license_ids": [
        "Apache-2.0",
        "MIT"
      ],
      "license_file": "LICENSE-APACHE"
    },
    "clap_builder 4.4.6": {
      "name": "clap_builder",
      "version": "4.4.6",
      "package_url": "https://github.com/clap-rs/clap",
      "repository": {
        "Http": {
          "url": "https://static.crates.io/crates/clap_builder/4.4.6/download",
          "sha256": "0e231faeaca65ebd1ea3c737966bf858971cd38c3849107aa3ea7de90a804e45"
        }
      },
      "targets": [
        {
          "Library": {
            "crate_name": "clap_builder",
            "crate_root": "src/lib.rs",
            "srcs": {
              "allow_empty": true,
              "include": [
                "**/*.rs"
              ]
            }
          }
        }
      ],
      "library_target_name": "clap_builder",
      "common_attrs": {
        "compile_data_glob": [
          "**"
        ],
        "crate_features": {
          "common": [
            "error-context",
            "help",
            "std",
            "suggestions",
            "usage"
          ],
          "selects": {}
        },
        "deps": {
          "common": [
            {
              "id": "anstyle 1.0.4",
              "target": "anstyle"
            },
            {
              "id": "clap_lex 0.5.1",
              "target": "clap_lex"
            },
            {
              "id": "strsim 0.10.0",
              "target": "strsim"
            }
          ],
          "selects": {}
        },
        "edition": "2021",
        "version": "4.4.6"
      },
      "license": "MIT OR Apache-2.0",
      "license_ids": [
        "Apache-2.0",
        "MIT"
      ],
      "license_file": "LICENSE-APACHE"
    },
    "clap_lex 0.5.1": {
      "name": "clap_lex",
      "version": "0.5.1",
      "package_url": "https://github.com/clap-rs/clap/tree/master/clap_lex",
      "repository": {
        "Http": {
          "url": "https://static.crates.io/crates/clap_lex/0.5.1/download",
          "sha256": "cd7cc57abe963c6d3b9d8be5b06ba7c8957a930305ca90304f24ef040aa6f961"
        }
      },
      "targets": [
        {
          "Library": {
            "crate_name": "clap_lex",
            "crate_root": "src/lib.rs",
            "srcs": {
              "allow_empty": true,
              "include": [
                "**/*.rs"
              ]
            }
          }
        }
      ],
      "library_target_name": "clap_lex",
      "common_attrs": {
        "compile_data_glob": [
          "**"
        ],
        "edition": "2021",
        "version": "0.5.1"
      },
      "license": "MIT OR Apache-2.0",
      "license_ids": [
        "Apache-2.0",
        "MIT"
      ],
      "license_file": "LICENSE-APACHE"
    },
    "codespan-reporting 0.11.1": {
      "name": "codespan-reporting",
      "version": "0.11.1",
      "package_url": "https://github.com/brendanzab/codespan",
      "repository": {
        "Http": {
          "url": "https://static.crates.io/crates/codespan-reporting/0.11.1/download",
          "sha256": "3538270d33cc669650c4b093848450d380def10c331d38c768e34cac80576e6e"
        }
      },
      "targets": [
        {
          "Library": {
            "crate_name": "codespan_reporting",
            "crate_root": "src/lib.rs",
            "srcs": {
              "allow_empty": true,
              "include": [
                "**/*.rs"
              ]
            }
          }
        }
      ],
      "library_target_name": "codespan_reporting",
      "common_attrs": {
        "compile_data_glob": [
          "**"
        ],
        "deps": {
          "common": [
            {
              "id": "termcolor 1.3.0",
              "target": "termcolor"
            },
            {
              "id": "unicode-width 0.1.11",
              "target": "unicode_width"
            }
          ],
          "selects": {}
        },
        "edition": "2018",
        "version": "0.11.1"
      },
      "license": "Apache-2.0",
      "license_ids": [
        "Apache-2.0"
      ],
      "license_file": null
    },
    "cxx 1.0.112": {
      "name": "cxx",
      "version": "1.0.112",
      "package_url": "https://github.com/dtolnay/cxx",
      "repository": {
        "Http": {
          "url": "https://static.crates.io/crates/cxx/1.0.112/download",
          "sha256": "58ab30434ea0ff6aa640a08dda5284026a366d47565496fd40b6cbfbdd7e31a2"
        }
      },
      "targets": [
        {
          "Library": {
            "crate_name": "cxx",
            "crate_root": "src/lib.rs",
            "srcs": {
              "allow_empty": true,
              "include": [
                "**/*.rs"
              ]
            }
          }
        }
      ],
      "library_target_name": "cxx",
      "common_attrs": {
        "compile_data_glob": [
          "**"
        ],
        "crate_features": {
          "common": [
            "alloc",
            "default",
            "std"
          ],
          "selects": {}
        },
        "deps": {
          "common": [
            {
              "id": "link-cplusplus 1.0.9",
              "target": "link_cplusplus"
            }
          ],
          "selects": {}
        },
        "extra_deps": {
          "common": [
            ":cxx_cc"
          ],
          "selects": {}
        },
        "edition": "2021",
        "proc_macro_deps": {
          "common": [
            {
              "id": "cxxbridge-macro 1.0.112",
              "target": "cxxbridge_macro"
            }
          ],
          "selects": {}
        },
        "version": "1.0.112"
      },
      "license": "MIT OR Apache-2.0",
      "license_ids": [
        "Apache-2.0",
        "MIT"
      ],
      "license_file": "LICENSE-APACHE",
      "additive_build_file_content": "cc_library(\n    name = \"cxx_cc\",\n    srcs = [\"src/cxx.cc\"],\n    hdrs = [\"include/cxx.h\"],\n    include_prefix = \"rust\",\n    includes = [\"include\"],\n    linkstatic = True,\n    strip_include_prefix = \"include\",\n    visibility = [\"//visibility:public\"],\n)\n",
      "extra_aliased_targets": {
        "cxx_cc": "cxx_cc"
      }
    },
    "cxxbridge-cmd 1.0.109": {
      "name": "cxxbridge-cmd",
      "version": "1.0.109",
      "package_url": "https://github.com/dtolnay/cxx",
      "repository": null,
      "targets": [],
      "library_target_name": null,
      "common_attrs": {
        "compile_data_glob": [
          "**"
        ],
        "deps": {
          "common": [
            {
              "id": "clap 4.4.6",
              "target": "clap"
            },
            {
              "id": "codespan-reporting 0.11.1",
              "target": "codespan_reporting"
            },
            {
              "id": "cxx 1.0.112",
              "target": "cxx"
            },
            {
              "id": "proc-macro2 1.0.69",
              "target": "proc_macro2"
            },
            {
              "id": "quote 1.0.33",
              "target": "quote"
            },
            {
              "id": "syn 2.0.38",
              "target": "syn"
            }
          ],
          "selects": {}
        },
        "edition": "2021",
        "version": "1.0.109"
      },
      "license": "MIT OR Apache-2.0",
      "license_ids": [
        "Apache-2.0",
        "MIT"
      ],
      "license_file": null
    },
    "cxxbridge-flags 1.0.112": {
      "name": "cxxbridge-flags",
      "version": "1.0.112",
      "package_url": "https://github.com/dtolnay/cxx",
      "repository": {
        "Http": {
          "url": "https://static.crates.io/crates/cxxbridge-flags/1.0.112/download",
          "sha256": "42281b20eba5218c539295c667c18e2f50211bb11902419194c6ed1ae808e547"
        }
      },
      "targets": [
        {
          "Library": {
            "crate_name": "cxxbridge_flags",
            "crate_root": "src/lib.rs",
            "srcs": {
              "allow_empty": true,
              "include": [
                "**/*.rs"
              ]
            }
          }
        }
      ],
      "library_target_name": "cxxbridge_flags",
      "common_attrs": {
        "compile_data_glob": [
          "**"
        ],
        "crate_features": {
          "common": [
            "default"
          ],
          "selects": {}
        },
        "edition": "2021",
        "version": "1.0.112"
      },
      "license": "MIT OR Apache-2.0",
      "license_ids": [
        "Apache-2.0",
        "MIT"
      ],
      "license_file": "LICENSE-APACHE"
    },
    "cxxbridge-macro 1.0.112": {
      "name": "cxxbridge-macro",
      "version": "1.0.112",
      "package_url": "https://github.com/dtolnay/cxx",
      "repository": {
        "Http": {
          "url": "https://static.crates.io/crates/cxxbridge-macro/1.0.112/download",
          "sha256": "b45506e3c66512b0a65d291a6b452128b7b1dd9841e20d1e151addbd2c00ea50"
        }
      },
      "targets": [
        {
          "ProcMacro": {
            "crate_name": "cxxbridge_macro",
            "crate_root": "src/lib.rs",
            "srcs": {
              "allow_empty": true,
              "include": [
                "**/*.rs"
              ]
            }
          }
        }
      ],
      "library_target_name": "cxxbridge_macro",
      "common_attrs": {
        "compile_data_glob": [
          "**"
        ],
        "deps": {
          "common": [
            {
              "id": "proc-macro2 1.0.69",
              "target": "proc_macro2"
            },
            {
              "id": "quote 1.0.33",
              "target": "quote"
            },
            {
              "id": "syn 2.0.38",
              "target": "syn"
            }
          ],
          "selects": {}
        },
        "edition": "2021",
        "version": "1.0.112"
      },
      "license": "MIT OR Apache-2.0",
      "license_ids": [
        "Apache-2.0",
        "MIT"
      ],
      "license_file": "LICENSE-APACHE"
    },
    "link-cplusplus 1.0.9": {
      "name": "link-cplusplus",
      "version": "1.0.9",
      "package_url": "https://github.com/dtolnay/link-cplusplus",
      "repository": {
        "Http": {
          "url": "https://static.crates.io/crates/link-cplusplus/1.0.9/download",
          "sha256": "9d240c6f7e1ba3a28b0249f774e6a9dd0175054b52dfbb61b16eb8505c3785c9"
        }
      },
      "targets": [
        {
          "Library": {
            "crate_name": "link_cplusplus",
            "crate_root": "src/lib.rs",
            "srcs": {
              "allow_empty": true,
              "include": [
                "**/*.rs"
              ]
            }
          }
        },
        {
          "BuildScript": {
            "crate_name": "build_script_build",
            "crate_root": "build.rs",
            "srcs": {
              "allow_empty": true,
              "include": [
                "**/*.rs"
              ]
            }
          }
        }
      ],
      "library_target_name": "link_cplusplus",
      "common_attrs": {
        "compile_data_glob": [
          "**"
        ],
        "crate_features": {
          "common": [
            "default"
          ],
          "selects": {}
        },
        "deps": {
          "common": [
            {
              "id": "link-cplusplus 1.0.9",
              "target": "build_script_build"
            }
          ],
          "selects": {}
        },
        "edition": "2018",
        "version": "1.0.9"
      },
      "build_script_attrs": {
        "data_glob": [
          "**"
        ],
        "deps": {
          "common": [
            {
              "id": "cc 1.1.12",
              "target": "cc"
            }
          ],
          "selects": {}
        },
        "links": "cplusplus"
      },
      "license": "MIT OR Apache-2.0",
      "license_ids": [
        "Apache-2.0",
        "MIT"
      ],
      "license_file": "LICENSE-APACHE"
    },
    "proc-macro2 1.0.69": {
      "name": "proc-macro2",
      "version": "1.0.69",
      "package_url": "https://github.com/dtolnay/proc-macro2",
      "repository": {
        "Http": {
          "url": "https://static.crates.io/crates/proc-macro2/1.0.69/download",
          "sha256": "134c189feb4956b20f6f547d2cf727d4c0fe06722b20a0eec87ed445a97f92da"
        }
      },
      "targets": [
        {
          "Library": {
            "crate_name": "proc_macro2",
            "crate_root": "src/lib.rs",
            "srcs": {
              "allow_empty": true,
              "include": [
                "**/*.rs"
              ]
            }
          }
        },
        {
          "BuildScript": {
            "crate_name": "build_script_build",
            "crate_root": "build.rs",
            "srcs": {
              "allow_empty": true,
              "include": [
                "**/*.rs"
              ]
            }
          }
        }
      ],
      "library_target_name": "proc_macro2",
      "common_attrs": {
        "compile_data_glob": [
          "**"
        ],
        "crate_features": {
          "common": [
            "default",
            "proc-macro",
            "span-locations"
          ],
          "selects": {}
        },
        "deps": {
          "common": [
            {
              "id": "proc-macro2 1.0.69",
              "target": "build_script_build"
            },
            {
              "id": "unicode-ident 1.0.12",
              "target": "unicode_ident"
            }
          ],
          "selects": {}
        },
        "edition": "2021",
        "version": "1.0.69"
      },
      "build_script_attrs": {
        "data_glob": [
          "**"
        ]
      },
      "license": "MIT OR Apache-2.0",
      "license_ids": [
        "Apache-2.0",
        "MIT"
      ],
      "license_file": "LICENSE-APACHE"
    },
    "quote 1.0.33": {
      "name": "quote",
      "version": "1.0.33",
      "package_url": "https://github.com/dtolnay/quote",
      "repository": {
        "Http": {
          "url": "https://static.crates.io/crates/quote/1.0.33/download",
          "sha256": "5267fca4496028628a95160fc423a33e8b2e6af8a5302579e322e4b520293cae"
        }
      },
      "targets": [
        {
          "Library": {
            "crate_name": "quote",
            "crate_root": "src/lib.rs",
            "srcs": {
              "allow_empty": true,
              "include": [
                "**/*.rs"
              ]
            }
          }
        }
      ],
      "library_target_name": "quote",
      "common_attrs": {
        "compile_data_glob": [
          "**"
        ],
        "crate_features": {
          "common": [
            "default",
            "proc-macro"
          ],
          "selects": {}
        },
        "deps": {
          "common": [
            {
              "id": "proc-macro2 1.0.69",
              "target": "proc_macro2"
            }
          ],
          "selects": {}
        },
        "edition": "2018",
        "version": "1.0.33"
      },
      "license": "MIT OR Apache-2.0",
      "license_ids": [
        "Apache-2.0",
        "MIT"
      ],
      "license_file": "LICENSE-APACHE"
    },
    "shlex 1.3.0": {
      "name": "shlex",
      "version": "1.3.0",
      "package_url": "https://github.com/comex/rust-shlex",
      "repository": {
        "Http": {
          "url": "https://static.crates.io/crates/shlex/1.3.0/download",
          "sha256": "0fda2ff0d084019ba4d7c6f371c95d8fd75ce3524c3cb8fb653a3023f6323e64"
        }
      },
      "targets": [
        {
          "Library": {
            "crate_name": "shlex",
            "crate_root": "src/lib.rs",
            "srcs": {
              "allow_empty": true,
              "include": [
                "**/*.rs"
              ]
            }
          }
        }
      ],
      "library_target_name": "shlex",
      "common_attrs": {
        "compile_data_glob": [
          "**"
        ],
        "crate_features": {
          "common": [
            "default",
            "std"
          ],
          "selects": {}
        },
        "edition": "2015",
        "version": "1.3.0"
      },
      "license": "MIT OR Apache-2.0",
      "license_ids": [
        "Apache-2.0",
        "MIT"
      ],
      "license_file": "LICENSE-APACHE"
    },
    "strsim 0.10.0": {
      "name": "strsim",
      "version": "0.10.0",
      "package_url": "https://github.com/dguo/strsim-rs",
      "repository": {
        "Http": {
          "url": "https://static.crates.io/crates/strsim/0.10.0/download",
          "sha256": "73473c0e59e6d5812c5dfe2a064a6444949f089e20eec9a2e5506596494e4623"
        }
      },
      "targets": [
        {
          "Library": {
            "crate_name": "strsim",
            "crate_root": "src/lib.rs",
            "srcs": {
              "allow_empty": true,
              "include": [
                "**/*.rs"
              ]
            }
          }
        }
      ],
      "library_target_name": "strsim",
      "common_attrs": {
        "compile_data_glob": [
          "**"
        ],
        "edition": "2015",
        "version": "0.10.0"
      },
      "license": "MIT",
      "license_ids": [
        "MIT"
      ],
      "license_file": "LICENSE"
    },
    "syn 2.0.38": {
      "name": "syn",
      "version": "2.0.38",
      "package_url": "https://github.com/dtolnay/syn",
      "repository": {
        "Http": {
          "url": "https://static.crates.io/crates/syn/2.0.38/download",
          "sha256": "e96b79aaa137db8f61e26363a0c9b47d8b4ec75da28b7d1d614c2303e232408b"
        }
      },
      "targets": [
        {
          "Library": {
            "crate_name": "syn",
            "crate_root": "src/lib.rs",
            "srcs": {
              "allow_empty": true,
              "include": [
                "**/*.rs"
              ]
            }
          }
        }
      ],
      "library_target_name": "syn",
      "common_attrs": {
        "compile_data_glob": [
          "**"
        ],
        "crate_features": {
          "common": [
            "clone-impls",
            "default",
            "derive",
            "full",
            "parsing",
            "printing",
            "proc-macro",
            "quote"
          ],
          "selects": {}
        },
        "deps": {
          "common": [
            {
              "id": "proc-macro2 1.0.69",
              "target": "proc_macro2"
            },
            {
              "id": "quote 1.0.33",
              "target": "quote"
            },
            {
              "id": "unicode-ident 1.0.12",
              "target": "unicode_ident"
            }
          ],
          "selects": {}
        },
        "edition": "2021",
        "version": "2.0.38"
      },
      "license": "MIT OR Apache-2.0",
      "license_ids": [
        "Apache-2.0",
        "MIT"
      ],
      "license_file": "LICENSE-APACHE"
    },
    "termcolor 1.3.0": {
      "name": "termcolor",
      "version": "1.3.0",
      "package_url": "https://github.com/BurntSushi/termcolor",
      "repository": {
        "Http": {
          "url": "https://static.crates.io/crates/termcolor/1.3.0/download",
          "sha256": "6093bad37da69aab9d123a8091e4be0aa4a03e4d601ec641c327398315f62b64"
        }
      },
      "targets": [
        {
          "Library": {
            "crate_name": "termcolor",
            "crate_root": "src/lib.rs",
            "srcs": {
              "allow_empty": true,
              "include": [
                "**/*.rs"
              ]
            }
          }
        }
      ],
      "library_target_name": "termcolor",
      "common_attrs": {
        "compile_data_glob": [
          "**"
        ],
        "deps": {
          "common": [],
          "selects": {
            "cfg(windows)": [
              {
                "id": "winapi-util 0.1.6",
                "target": "winapi_util"
              }
            ]
          }
        },
        "edition": "2018",
        "version": "1.3.0"
      },
      "license": "Unlicense OR MIT",
      "license_ids": [
        "MIT",
        "Unlicense"
      ],
      "license_file": "LICENSE-MIT"
    },
    "unicode-ident 1.0.12": {
      "name": "unicode-ident",
      "version": "1.0.12",
      "package_url": "https://github.com/dtolnay/unicode-ident",
      "repository": {
        "Http": {
          "url": "https://static.crates.io/crates/unicode-ident/1.0.12/download",
          "sha256": "3354b9ac3fae1ff6755cb6db53683adb661634f67557942dea4facebec0fee4b"
        }
      },
      "targets": [
        {
          "Library": {
            "crate_name": "unicode_ident",
            "crate_root": "src/lib.rs",
            "srcs": {
              "allow_empty": true,
              "include": [
                "**/*.rs"
              ]
            }
          }
        }
      ],
      "library_target_name": "unicode_ident",
      "common_attrs": {
        "compile_data_glob": [
          "**"
        ],
        "edition": "2018",
        "version": "1.0.12"
      },
      "license": "(MIT OR Apache-2.0) AND Unicode-DFS-2016",
      "license_ids": [
        "Apache-2.0",
        "MIT",
        "Unicode-DFS-2016"
      ],
      "license_file": "LICENSE-APACHE"
    },
    "unicode-width 0.1.11": {
      "name": "unicode-width",
      "version": "0.1.11",
      "package_url": "https://github.com/unicode-rs/unicode-width",
      "repository": {
        "Http": {
          "url": "https://static.crates.io/crates/unicode-width/0.1.11/download",
          "sha256": "e51733f11c9c4f72aa0c160008246859e340b00807569a0da0e7a1079b27ba85"
        }
      },
      "targets": [
        {
          "Library": {
            "crate_name": "unicode_width",
            "crate_root": "src/lib.rs",
            "srcs": {
              "allow_empty": true,
              "include": [
                "**/*.rs"
              ]
            }
          }
        }
      ],
      "library_target_name": "unicode_width",
      "common_attrs": {
        "compile_data_glob": [
          "**"
        ],
        "crate_features": {
          "common": [
            "default"
          ],
          "selects": {}
        },
        "edition": "2015",
        "version": "0.1.11"
      },
      "license": "MIT/Apache-2.0",
      "license_ids": [
        "Apache-2.0",
        "MIT"
      ],
      "license_file": "LICENSE-APACHE"
    },
    "winapi 0.3.9": {
      "name": "winapi",
      "version": "0.3.9",
      "package_url": "https://github.com/retep998/winapi-rs",
      "repository": {
        "Http": {
          "url": "https://static.crates.io/crates/winapi/0.3.9/download",
          "sha256": "5c839a674fcd7a98952e593242ea400abe93992746761e38641405d28b00f419"
        }
      },
      "targets": [
        {
          "Library": {
            "crate_name": "winapi",
            "crate_root": "src/lib.rs",
            "srcs": {
              "allow_empty": true,
              "include": [
                "**/*.rs"
              ]
            }
          }
        },
        {
          "BuildScript": {
            "crate_name": "build_script_build",
            "crate_root": "build.rs",
            "srcs": {
              "allow_empty": true,
              "include": [
                "**/*.rs"
              ]
            }
          }
        }
      ],
      "library_target_name": "winapi",
      "common_attrs": {
        "compile_data_glob": [
          "**"
        ],
        "crate_features": {
          "common": [
            "consoleapi",
            "errhandlingapi",
            "fileapi",
            "minwindef",
            "processenv",
            "std",
            "sysinfoapi",
            "winbase",
            "wincon",
            "winerror",
            "winnt"
          ],
          "selects": {}
        },
        "deps": {
          "common": [
            {
              "id": "winapi 0.3.9",
              "target": "build_script_build"
            }
          ],
          "selects": {
            "i686-pc-windows-gnu": [
              {
                "id": "winapi-i686-pc-windows-gnu 0.4.0",
                "target": "winapi_i686_pc_windows_gnu"
              }
            ],
            "x86_64-pc-windows-gnu": [
              {
                "id": "winapi-x86_64-pc-windows-gnu 0.4.0",
                "target": "winapi_x86_64_pc_windows_gnu"
              }
            ]
          }
        },
        "edition": "2015",
        "version": "0.3.9"
      },
      "build_script_attrs": {
        "data_glob": [
          "**"
        ]
      },
      "license": "MIT/Apache-2.0",
      "license_ids": [
        "Apache-2.0",
        "MIT"
      ],
      "license_file": "LICENSE-APACHE"
    },
    "winapi-i686-pc-windows-gnu 0.4.0": {
      "name": "winapi-i686-pc-windows-gnu",
      "version": "0.4.0",
      "package_url": "https://github.com/retep998/winapi-rs",
      "repository": {
        "Http": {
          "url": "https://static.crates.io/crates/winapi-i686-pc-windows-gnu/0.4.0/download",
          "sha256": "ac3b87c63620426dd9b991e5ce0329eff545bccbbb34f3be09ff6fb6ab51b7b6"
        }
      },
      "targets": [
        {
          "Library": {
            "crate_name": "winapi_i686_pc_windows_gnu",
            "crate_root": "src/lib.rs",
            "srcs": {
              "allow_empty": true,
              "include": [
                "**/*.rs"
              ]
            }
          }
        },
        {
          "BuildScript": {
            "crate_name": "build_script_build",
            "crate_root": "build.rs",
            "srcs": {
              "allow_empty": true,
              "include": [
                "**/*.rs"
              ]
            }
          }
        }
      ],
      "library_target_name": "winapi_i686_pc_windows_gnu",
      "common_attrs": {
        "compile_data_glob": [
          "**"
        ],
        "deps": {
          "common": [
            {
              "id": "winapi-i686-pc-windows-gnu 0.4.0",
              "target": "build_script_build"
            }
          ],
          "selects": {}
        },
        "edition": "2015",
        "version": "0.4.0"
      },
      "build_script_attrs": {
        "data_glob": [
          "**"
        ]
      },
      "license": "MIT/Apache-2.0",
      "license_ids": [
        "Apache-2.0",
        "MIT"
      ],
      "license_file": null
    },
    "winapi-util 0.1.6": {
      "name": "winapi-util",
      "version": "0.1.6",
      "package_url": "https://github.com/BurntSushi/winapi-util",
      "repository": {
        "Http": {
          "url": "https://static.crates.io/crates/winapi-util/0.1.6/download",
          "sha256": "f29e6f9198ba0d26b4c9f07dbe6f9ed633e1f3d5b8b414090084349e46a52596"
        }
      },
      "targets": [
        {
          "Library": {
            "crate_name": "winapi_util",
            "crate_root": "src/lib.rs",
            "srcs": {
              "allow_empty": true,
              "include": [
                "**/*.rs"
              ]
            }
          }
        }
      ],
      "library_target_name": "winapi_util",
      "common_attrs": {
        "compile_data_glob": [
          "**"
        ],
        "deps": {
          "common": [],
          "selects": {
            "cfg(windows)": [
              {
                "id": "winapi 0.3.9",
                "target": "winapi"
              }
            ]
          }
        },
        "edition": "2021",
        "version": "0.1.6"
      },
      "license": "Unlicense/MIT",
      "license_ids": [
        "MIT",
        "Unlicense"
      ],
      "license_file": "LICENSE-MIT"
    },
    "winapi-x86_64-pc-windows-gnu 0.4.0": {
      "name": "winapi-x86_64-pc-windows-gnu",
      "version": "0.4.0",
      "package_url": "https://github.com/retep998/winapi-rs",
      "repository": {
        "Http": {
          "url": "https://static.crates.io/crates/winapi-x86_64-pc-windows-gnu/0.4.0/download",
          "sha256": "712e227841d057c1ee1cd2fb22fa7e5a5461ae8e48fa2ca79ec42cfc1931183f"
        }
      },
      "targets": [
        {
          "Library": {
            "crate_name": "winapi_x86_64_pc_windows_gnu",
            "crate_root": "src/lib.rs",
            "srcs": {
              "allow_empty": true,
              "include": [
                "**/*.rs"
              ]
            }
          }
        },
        {
          "BuildScript": {
            "crate_name": "build_script_build",
            "crate_root": "build.rs",
            "srcs": {
              "allow_empty": true,
              "include": [
                "**/*.rs"
              ]
            }
          }
        }
      ],
      "library_target_name": "winapi_x86_64_pc_windows_gnu",
      "common_attrs": {
        "compile_data_glob": [
          "**"
        ],
        "deps": {
          "common": [
            {
              "id": "winapi-x86_64-pc-windows-gnu 0.4.0",
              "target": "build_script_build"
            }
          ],
          "selects": {}
        },
        "edition": "2015",
        "version": "0.4.0"
      },
      "build_script_attrs": {
        "data_glob": [
          "**"
        ]
      },
      "license": "MIT/Apache-2.0",
      "license_ids": [
        "Apache-2.0",
        "MIT"
      ],
      "license_file": null
    }
  },
  "binary_crates": [],
  "workspace_members": {
    "cxxbridge-cmd 1.0.109": ""
  },
  "conditions": {
    "aarch64-apple-darwin": [
      "aarch64-apple-darwin"
    ],
    "aarch64-apple-ios": [
      "aarch64-apple-ios"
    ],
    "aarch64-apple-ios-sim": [
      "aarch64-apple-ios-sim"
    ],
    "aarch64-fuchsia": [
      "aarch64-fuchsia"
    ],
    "aarch64-linux-android": [
      "aarch64-linux-android"
    ],
    "aarch64-pc-windows-msvc": [
      "aarch64-pc-windows-msvc"
    ],
    "aarch64-unknown-linux-gnu": [
      "aarch64-unknown-linux-gnu"
    ],
    "aarch64-unknown-nixos-gnu": [
      "aarch64-unknown-nixos-gnu"
    ],
    "aarch64-unknown-nto-qnx710": [
      "aarch64-unknown-nto-qnx710"
    ],
    "arm-unknown-linux-gnueabi": [
      "arm-unknown-linux-gnueabi"
    ],
    "armv7-linux-androideabi": [
      "armv7-linux-androideabi"
    ],
    "armv7-unknown-linux-gnueabi": [
      "armv7-unknown-linux-gnueabi"
    ],
    "cfg(windows)": [
      "aarch64-pc-windows-msvc",
      "i686-pc-windows-msvc",
      "x86_64-pc-windows-msvc"
    ],
    "i686-apple-darwin": [
      "i686-apple-darwin"
    ],
    "i686-linux-android": [
      "i686-linux-android"
    ],
    "i686-pc-windows-gnu": [],
    "i686-pc-windows-msvc": [
      "i686-pc-windows-msvc"
    ],
    "i686-unknown-freebsd": [
      "i686-unknown-freebsd"
    ],
    "i686-unknown-linux-gnu": [
      "i686-unknown-linux-gnu"
    ],
    "powerpc-unknown-linux-gnu": [
      "powerpc-unknown-linux-gnu"
    ],
    "riscv32imc-unknown-none-elf": [
      "riscv32imc-unknown-none-elf"
    ],
    "riscv64gc-unknown-none-elf": [
      "riscv64gc-unknown-none-elf"
    ],
    "s390x-unknown-linux-gnu": [
      "s390x-unknown-linux-gnu"
    ],
    "thumbv7em-none-eabi": [
      "thumbv7em-none-eabi"
    ],
    "thumbv8m.main-none-eabi": [
      "thumbv8m.main-none-eabi"
    ],
    "wasm32-unknown-unknown": [
      "wasm32-unknown-unknown"
    ],
    "wasm32-wasi": [
      "wasm32-wasi"
    ],
    "x86_64-apple-darwin": [
      "x86_64-apple-darwin"
    ],
    "x86_64-apple-ios": [
      "x86_64-apple-ios"
    ],
    "x86_64-fuchsia": [
      "x86_64-fuchsia"
    ],
    "x86_64-linux-android": [
      "x86_64-linux-android"
    ],
    "x86_64-pc-windows-gnu": [],
    "x86_64-pc-windows-msvc": [
      "x86_64-pc-windows-msvc"
    ],
    "x86_64-unknown-freebsd": [
      "x86_64-unknown-freebsd"
    ],
    "x86_64-unknown-linux-gnu": [
      "x86_64-unknown-linux-gnu"
    ],
    "x86_64-unknown-nixos-gnu": [
      "x86_64-unknown-nixos-gnu"
    ],
    "x86_64-unknown-none": [
      "x86_64-unknown-none"
    ]
  },
  "direct_deps": [
    "clap 4.4.6",
    "codespan-reporting 0.11.1",
    "cxx 1.0.112",
    "proc-macro2 1.0.69",
    "quote 1.0.33",
    "syn 2.0.38"
  ],
  "direct_dev_deps": []
}
