{
  "checksum": "8e753081ece10ac3098087f251bde382c71c83e0f44da4a7d72361c66026ba0c",
  "crates": {
    "anstyle 1.0.10": {
      "name": "anstyle",
      "version": "1.0.10",
      "package_url": "https://github.com/rust-cli/anstyle.git",
      "repository": {
        "Http": {
          "url": "https://static.crates.io/crates/anstyle/1.0.10/download",
          "sha256": "55cc3b69f167a1ef2e161439aa98aed94e6028e5f9a59be9a6ffb47aef1651f9"
        }
      },
      "targets": [
        {
          "Library": {
            "crate_name": "anstyle",
            "crate_root": "src/lib.rs",
            "srcs": {
              "allow_empty": true,
              "include": [
                "**/*.rs"
              ]
            }
          }
        }
      ],
      "library_target_name": "anstyle",
      "common_attrs": {
        "compile_data_glob": [
          "**"
        ],
        "crate_features": {
          "common": [
            "default",
            "std"
          ],
          "selects": {}
        },
        "edition": "2021",
        "version": "1.0.10"
      },
      "license": "MIT OR Apache-2.0",
      "license_ids": [
        "Apache-2.0",
        "MIT"
      ],
      "license_file": "LICENSE-APACHE"
    },
    "clap 4.5.34": {
      "name": "clap",
      "version": "4.5.34",
      "package_url": "https://github.com/clap-rs/clap",
      "repository": {
        "Http": {
          "url": "https://static.crates.io/crates/clap/4.5.34/download",
          "sha256": "e958897981290da2a852763fe9cdb89cd36977a5d729023127095fa94d95e2ff"
        }
      },
      "targets": [
        {
          "Library": {
            "crate_name": "clap",
            "crate_root": "src/lib.rs",
            "srcs": {
              "allow_empty": true,
              "include": [
                "**/*.rs"
              ]
            }
          }
        }
      ],
      "library_target_name": "clap",
      "common_attrs": {
        "compile_data_glob": [
          "**"
        ],
        "crate_features": {
          "common": [
            "error-context",
            "help",
            "std",
            "suggestions",
            "usage"
          ],
          "selects": {}
        },
        "deps": {
          "common": [
            {
              "id": "clap_builder 4.5.34",
              "target": "clap_builder"
            }
          ],
          "selects": {}
        },
        "edition": "2021",
        "version": "4.5.34"
      },
      "license": "MIT OR Apache-2.0",
      "license_ids": [
        "Apache-2.0",
        "MIT"
      ],
      "license_file": "LICENSE-APACHE"
    },
    "clap_builder 4.5.34": {
      "name": "clap_builder",
      "version": "4.5.34",
      "package_url": "https://github.com/clap-rs/clap",
      "repository": {
        "Http": {
          "url": "https://static.crates.io/crates/clap_builder/4.5.34/download",
          "sha256": "83b0f35019843db2160b5bb19ae09b4e6411ac33fc6a712003c33e03090e2489"
        }
      },
      "targets": [
        {
          "Library": {
            "crate_name": "clap_builder",
            "crate_root": "src/lib.rs",
            "srcs": {
              "allow_empty": true,
              "include": [
                "**/*.rs"
              ]
            }
          }
        }
      ],
      "library_target_name": "clap_builder",
      "common_attrs": {
        "compile_data_glob": [
          "**"
        ],
        "crate_features": {
          "common": [
            "error-context",
            "help",
            "std",
            "suggestions",
            "usage"
          ],
          "selects": {}
        },
        "deps": {
          "common": [
            {
              "id": "anstyle 1.0.10",
              "target": "anstyle"
            },
            {
              "id": "clap_lex 0.7.4",
              "target": "clap_lex"
            },
            {
              "id": "strsim 0.11.1",
              "target": "strsim"
            }
          ],
          "selects": {}
        },
        "edition": "2021",
        "version": "4.5.34"
      },
      "license": "MIT OR Apache-2.0",
      "license_ids": [
        "Apache-2.0",
        "MIT"
      ],
      "license_file": "LICENSE-APACHE"
    },
    "clap_lex 0.7.4": {
      "name": "clap_lex",
      "version": "0.7.4",
      "package_url": "https://github.com/clap-rs/clap",
      "repository": {
        "Http": {
          "url": "https://static.crates.io/crates/clap_lex/0.7.4/download",
          "sha256": "f46ad14479a25103f283c0f10005961cf086d8dc42205bb44c46ac563475dca6"
        }
      },
      "targets": [
        {
          "Library": {
            "crate_name": "clap_lex",
            "crate_root": "src/lib.rs",
            "srcs": {
              "allow_empty": true,
              "include": [
                "**/*.rs"
              ]
            }
          }
        }
      ],
      "library_target_name": "clap_lex",
      "common_attrs": {
        "compile_data_glob": [
          "**"
        ],
        "edition": "2021",
        "version": "0.7.4"
      },
      "license": "MIT OR Apache-2.0",
      "license_ids": [
        "Apache-2.0",
        "MIT"
      ],
      "license_file": "LICENSE-APACHE"
    },
    "codespan-reporting 0.12.0": {
      "name": "codespan-reporting",
      "version": "0.12.0",
      "package_url": "https://github.com/brendanzab/codespan",
      "repository": {
        "Http": {
          "url": "https://static.crates.io/crates/codespan-reporting/0.12.0/download",
          "sha256": "fe6d2e5af09e8c8ad56c969f2157a3d4238cebc7c55f0a517728c38f7b200f81"
        }
      },
      "targets": [
        {
          "Library": {
            "crate_name": "codespan_reporting",
            "crate_root": "src/lib.rs",
            "srcs": {
              "allow_empty": true,
              "include": [
                "**/*.rs"
              ]
            }
          }
        }
      ],
      "library_target_name": "codespan_reporting",
      "common_attrs": {
        "compile_data_glob": [
          "**"
        ],
        "crate_features": {
          "common": [
            "default",
            "std",
            "termcolor"
          ],
          "selects": {}
        },
        "deps": {
          "common": [
            {
              "id": "termcolor 1.4.1",
              "target": "termcolor"
            },
            {
              "id": "unicode-width 0.2.0",
              "target": "unicode_width"
            }
          ],
          "selects": {}
        },
        "edition": "2021",
        "version": "0.12.0"
      },
      "license": "Apache-2.0",
      "license_ids": [
        "Apache-2.0"
      ],
      "license_file": "LICENSE"
    },
    "cxxbridge-cmd 1.0.153": {
      "name": "cxxbridge-cmd",
      "version": "1.0.153",
      "package_url": "https://github.com/dtolnay/cxx",
      "repository": null,
      "targets": [],
      "library_target_name": null,
      "common_attrs": {
        "compile_data_glob": [
          "**"
        ],
        "deps": {
          "common": [
            {
              "id": "clap 4.5.34",
              "target": "clap"
            },
            {
              "id": "codespan-reporting 0.12.0",
              "target": "codespan_reporting"
            },
            {
              "id": "proc-macro2 1.0.94",
              "target": "proc_macro2"
            },
            {
              "id": "quote 1.0.40",
              "target": "quote"
            },
            {
              "id": "syn 2.0.100",
              "target": "syn"
            }
          ],
          "selects": {}
        },
        "edition": "2021",
        "version": "1.0.153"
      },
      "license": "MIT OR Apache-2.0",
      "license_ids": [
        "Apache-2.0",
        "MIT"
      ],
      "license_file": null
    },
    "proc-macro2 1.0.94": {
      "name": "proc-macro2",
      "version": "1.0.94",
      "package_url": "https://github.com/dtolnay/proc-macro2",
      "repository": {
        "Http": {
          "url": "https://static.crates.io/crates/proc-macro2/1.0.94/download",
          "sha256": "a31971752e70b8b2686d7e46ec17fb38dad4051d94024c88df49b667caea9c84"
        }
      },
      "targets": [
        {
          "Library": {
            "crate_name": "proc_macro2",
            "crate_root": "src/lib.rs",
            "srcs": {
              "allow_empty": true,
              "include": [
                "**/*.rs"
              ]
            }
          }
        },
        {
          "BuildScript": {
            "crate_name": "build_script_build",
            "crate_root": "build.rs",
            "srcs": {
              "allow_empty": true,
              "include": [
                "**/*.rs"
              ]
            }
          }
        }
      ],
      "library_target_name": "proc_macro2",
      "common_attrs": {
        "compile_data_glob": [
          "**"
        ],
        "crate_features": {
          "common": [
            "span-locations"
          ],
          "selects": {
            "aarch64-apple-darwin": [
              "proc-macro"
            ],
            "aarch64-unknown-linux-gnu": [
              "proc-macro"
            ],
            "x86_64-apple-darwin": [
              "proc-macro"
            ],
            "x86_64-unknown-linux-gnu": [
              "proc-macro"
            ]
          }
        },
        "deps": {
          "common": [
            {
              "id": "proc-macro2 1.0.94",
              "target": "build_script_build"
            },
            {
              "id": "unicode-ident 1.0.18",
              "target": "unicode_ident"
            }
          ],
          "selects": {}
        },
        "edition": "2021",
        "version": "1.0.94"
      },
      "build_script_attrs": {
        "compile_data_glob": [
          "**"
        ],
        "compile_data_glob_excludes": [
          "**/*.rs"
        ],
        "data_glob": [
          "**"
        ]
      },
      "license": "MIT OR Apache-2.0",
      "license_ids": [
        "Apache-2.0",
        "MIT"
      ],
      "license_file": "LICENSE-APACHE"
    },
    "quote 1.0.40": {
      "name": "quote",
      "version": "1.0.40",
      "package_url": "https://github.com/dtolnay/quote",
      "repository": {
        "Http": {
          "url": "https://static.crates.io/crates/quote/1.0.40/download",
          "sha256": "1885c039570dc00dcb4ff087a89e185fd56bae234ddc7f056a945bf36467248d"
        }
      },
      "targets": [
        {
          "Library": {
            "crate_name": "quote",
            "crate_root": "src/lib.rs",
            "srcs": {
              "allow_empty": true,
              "include": [
                "**/*.rs"
              ]
            }
          }
        }
      ],
      "library_target_name": "quote",
      "common_attrs": {
        "compile_data_glob": [
          "**"
        ],
        "crate_features": {
          "common": [],
          "selects": {
            "aarch64-apple-darwin": [
              "proc-macro"
            ],
            "aarch64-unknown-linux-gnu": [
              "proc-macro"
            ],
            "x86_64-apple-darwin": [
              "proc-macro"
            ],
            "x86_64-unknown-linux-gnu": [
              "proc-macro"
            ]
          }
        },
        "deps": {
          "common": [
            {
              "id": "proc-macro2 1.0.94",
              "target": "proc_macro2"
            }
          ],
          "selects": {}
        },
        "edition": "2018",
        "version": "1.0.40"
      },
      "license": "MIT OR Apache-2.0",
      "license_ids": [
        "Apache-2.0",
        "MIT"
      ],
      "license_file": "LICENSE-APACHE"
    },
    "serde 1.0.219": {
      "name": "serde",
      "version": "1.0.219",
      "package_url": "https://github.com/serde-rs/serde",
      "repository": {
        "Http": {
          "url": "https://static.crates.io/crates/serde/1.0.219/download",
          "sha256": "5f0e2c6ed6606019b4e29e69dbaba95b11854410e5347d525002456dbbb786b6"
        }
      },
      "targets": [
        {
          "Library": {
            "crate_name": "serde",
            "crate_root": "src/lib.rs",
            "srcs": {
              "allow_empty": true,
              "include": [
                "**/*.rs"
              ]
            }
          }
        },
        {
          "BuildScript": {
            "crate_name": "build_script_build",
            "crate_root": "build.rs",
            "srcs": {
              "allow_empty": true,
              "include": [
                "**/*.rs"
              ]
            }
          }
        }
      ],
      "library_target_name": "serde",
      "common_attrs": {
        "compile_data_glob": [
          "**"
        ],
        "deps": {
          "common": [
            {
              "id": "serde 1.0.219",
              "target": "build_script_build"
            }
          ],
          "selects": {}
        },
        "edition": "2018",
        "proc_macro_deps": {
          "common": [],
          "selects": {
            "cfg(any())": [
              {
                "id": "serde_derive 1.0.219",
                "target": "serde_derive"
              }
            ]
          }
        },
        "version": "1.0.219"
      },
      "build_script_attrs": {
        "compile_data_glob": [
          "**"
        ],
        "compile_data_glob_excludes": [
          "**/*.rs"
        ],
        "data_glob": [
          "**"
        ]
      },
      "license": "MIT OR Apache-2.0",
      "license_ids": [
        "Apache-2.0",
        "MIT"
      ],
      "license_file": "LICENSE-APACHE"
    },
    "serde_derive 1.0.219": {
      "name": "serde_derive",
      "version": "1.0.219",
      "package_url": "https://github.com/serde-rs/serde",
      "repository": {
        "Http": {
          "url": "https://static.crates.io/crates/serde_derive/1.0.219/download",
          "sha256": "5b0276cf7f2c73365f7157c8123c21cd9a50fbbd844757af28ca1f5925fc2a00"
        }
      },
      "targets": [
        {
          "ProcMacro": {
            "crate_name": "serde_derive",
            "crate_root": "src/lib.rs",
            "srcs": {
              "allow_empty": true,
              "include": [
                "**/*.rs"
              ]
            }
          }
        }
      ],
      "library_target_name": "serde_derive",
      "common_attrs": {
        "compile_data_glob": [
          "**"
        ],
        "deps": {
          "common": [
            {
              "id": "proc-macro2 1.0.94",
              "target": "proc_macro2"
            },
            {
              "id": "quote 1.0.40",
              "target": "quote"
            },
            {
              "id": "syn 2.0.100",
              "target": "syn"
            }
          ],
          "selects": {}
        },
        "edition": "2015",
        "version": "1.0.219"
      },
      "license": "MIT OR Apache-2.0",
      "license_ids": [
        "Apache-2.0",
        "MIT"
      ],
      "license_file": "LICENSE-APACHE"
    },
    "strsim 0.11.1": {
      "name": "strsim",
      "version": "0.11.1",
      "package_url": "https://github.com/rapidfuzz/strsim-rs",
      "repository": {
        "Http": {
          "url": "https://static.crates.io/crates/strsim/0.11.1/download",
          "sha256": "7da8b5736845d9f2fcb837ea5d9e2628564b3b043a70948a3f0b778838c5fb4f"
        }
      },
      "targets": [
        {
          "Library": {
            "crate_name": "strsim",
            "crate_root": "src/lib.rs",
            "srcs": {
              "allow_empty": true,
              "include": [
                "**/*.rs"
              ]
            }
          }
        }
      ],
      "library_target_name": "strsim",
      "common_attrs": {
        "compile_data_glob": [
          "**"
        ],
        "edition": "2015",
        "version": "0.11.1"
      },
      "license": "MIT",
      "license_ids": [
        "MIT"
      ],
      "license_file": "LICENSE"
    },
    "syn 2.0.100": {
      "name": "syn",
      "version": "2.0.100",
      "package_url": "https://github.com/dtolnay/syn",
      "repository": {
        "Http": {
          "url": "https://static.crates.io/crates/syn/2.0.100/download",
          "sha256": "b09a44accad81e1ba1cd74a32461ba89dee89095ba17b32f5d03683b1b1fc2a0"
        }
      },
      "targets": [
        {
          "Library": {
            "crate_name": "syn",
            "crate_root": "src/lib.rs",
            "srcs": {
              "allow_empty": true,
              "include": [
                "**/*.rs"
              ]
            }
          }
        }
      ],
      "library_target_name": "syn",
      "common_attrs": {
        "compile_data_glob": [
          "**"
        ],
        "crate_features": {
          "common": [
            "clone-impls",
            "full",
            "parsing",
            "printing"
          ],
          "selects": {
            "aarch64-apple-darwin": [
              "derive",
              "proc-macro"
            ],
            "aarch64-unknown-linux-gnu": [
              "derive",
              "proc-macro"
            ],
            "x86_64-apple-darwin": [
              "derive",
              "proc-macro"
            ],
            "x86_64-unknown-linux-gnu": [
              "derive",
              "proc-macro"
            ]
          }
        },
        "deps": {
          "common": [
            {
              "id": "proc-macro2 1.0.94",
              "target": "proc_macro2"
            },
            {
              "id": "quote 1.0.40",
              "target": "quote"
            },
            {
              "id": "unicode-ident 1.0.18",
              "target": "unicode_ident"
            }
          ],
          "selects": {}
        },
        "edition": "2021",
        "version": "2.0.100"
      },
      "license": "MIT OR Apache-2.0",
      "license_ids": [
        "Apache-2.0",
        "MIT"
      ],
      "license_file": "LICENSE-APACHE"
    },
    "termcolor 1.4.1": {
      "name": "termcolor",
      "version": "1.4.1",
      "package_url": "https://github.com/BurntSushi/termcolor",
      "repository": {
        "Http": {
          "url": "https://static.crates.io/crates/termcolor/1.4.1/download",
          "sha256": "06794f8f6c5c898b3275aebefa6b8a1cb24cd2c6c79397ab15774837a0bc5755"
        }
      },
      "targets": [
        {
          "Library": {
            "crate_name": "termcolor",
            "crate_root": "src/lib.rs",
            "srcs": {
              "allow_empty": true,
              "include": [
                "**/*.rs"
              ]
            }
          }
        }
      ],
      "library_target_name": "termcolor",
      "common_attrs": {
        "compile_data_glob": [
          "**"
        ],
        "deps": {
          "common": [],
          "selects": {
            "cfg(windows)": [
              {
                "id": "winapi-util 0.1.9",
                "target": "winapi_util"
              }
            ]
          }
        },
        "edition": "2018",
        "version": "1.4.1"
      },
      "license": "Unlicense OR MIT",
      "license_ids": [
        "MIT",
        "Unlicense"
      ],
      "license_file": "LICENSE-MIT"
    },
    "unicode-ident 1.0.18": {
      "name": "unicode-ident",
      "version": "1.0.18",
      "package_url": "https://github.com/dtolnay/unicode-ident",
      "repository": {
        "Http": {
          "url": "https://static.crates.io/crates/unicode-ident/1.0.18/download",
          "sha256": "5a5f39404a5da50712a4c1eecf25e90dd62b613502b7e925fd4e4d19b5c96512"
        }
      },
      "targets": [
        {
          "Library": {
            "crate_name": "unicode_ident",
            "crate_root": "src/lib.rs",
            "srcs": {
              "allow_empty": true,
              "include": [
                "**/*.rs"
              ]
            }
          }
        }
      ],
      "library_target_name": "unicode_ident",
      "common_attrs": {
        "compile_data_glob": [
          "**"
        ],
        "edition": "2018",
        "version": "1.0.18"
      },
      "license": "(MIT OR Apache-2.0) AND Unicode-3.0",
      "license_ids": [
        "Apache-2.0",
        "MIT",
        "Unicode-3.0"
      ],
      "license_file": "LICENSE-APACHE"
    },
    "unicode-width 0.2.0": {
      "name": "unicode-width",
      "version": "0.2.0",
      "package_url": "https://github.com/unicode-rs/unicode-width",
      "repository": {
        "Http": {
          "url": "https://static.crates.io/crates/unicode-width/0.2.0/download",
          "sha256": "1fc81956842c57dac11422a97c3b8195a1ff727f06e85c84ed2e8aa277c9a0fd"
        }
      },
      "targets": [
        {
          "Library": {
            "crate_name": "unicode_width",
            "crate_root": "src/lib.rs",
            "srcs": {
              "allow_empty": true,
              "include": [
                "**/*.rs"
              ]
            }
          }
        }
      ],
      "library_target_name": "unicode_width",
      "common_attrs": {
        "compile_data_glob": [
          "**"
        ],
        "crate_features": {
          "common": [
            "cjk",
            "default"
          ],
          "selects": {}
        },
        "edition": "2021",
        "version": "0.2.0"
      },
      "license": "MIT OR Apache-2.0",
      "license_ids": [
        "Apache-2.0",
        "MIT"
      ],
      "license_file": "LICENSE-APACHE"
    },
    "winapi-util 0.1.9": {
      "name": "winapi-util",
      "version": "0.1.9",
      "package_url": "https://github.com/BurntSushi/winapi-util",
      "repository": {
        "Http": {
          "url": "https://static.crates.io/crates/winapi-util/0.1.9/download",
          "sha256": "cf221c93e13a30d793f7645a0e7762c55d169dbb0a49671918a2319d289b10bb"
        }
      },
      "targets": [
        {
          "Library": {
            "crate_name": "winapi_util",
            "crate_root": "src/lib.rs",
            "srcs": {
              "allow_empty": true,
              "include": [
                "**/*.rs"
              ]
            }
          }
        }
      ],
      "library_target_name": "winapi_util",
      "common_attrs": {
        "compile_data_glob": [
          "**"
        ],
        "deps": {
          "common": [],
          "selects": {
            "cfg(windows)": [
              {
                "id": "windows-sys 0.59.0",
                "target": "windows_sys"
              }
            ]
          }
        },
        "edition": "2021",
        "version": "0.1.9"
      },
      "license": "Unlicense OR MIT",
      "license_ids": [
        "MIT",
        "Unlicense"
      ],
      "license_file": "LICENSE-MIT"
    },
    "windows-sys 0.59.0": {
      "name": "windows-sys",
      "version": "0.59.0",
      "package_url": "https://github.com/microsoft/windows-rs",
      "repository": {
        "Http": {
          "url": "https://static.crates.io/crates/windows-sys/0.59.0/download",
          "sha256": "1e38bc4d79ed67fd075bcc251a1c39b32a1776bbe92e5bef1f0bf1f8c531853b"
        }
      },
      "targets": [
        {
          "Library": {
            "crate_name": "windows_sys",
            "crate_root": "src/lib.rs",
            "srcs": {
              "allow_empty": true,
              "include": [
                "**/*.rs"
              ]
            }
          }
        }
      ],
      "library_target_name": "windows_sys",
      "common_attrs": {
        "compile_data_glob": [
          "**"
        ],
        "deps": {
          "common": [
            {
              "id": "windows-targets 0.52.6",
              "target": "windows_targets"
            }
          ],
          "selects": {}
        },
        "edition": "2021",
        "version": "0.59.0"
      },
      "license": "MIT OR Apache-2.0",
      "license_ids": [
        "Apache-2.0",
        "MIT"
      ],
      "license_file": "license-apache-2.0"
    },
    "windows-targets 0.52.6": {
      "name": "windows-targets",
      "version": "0.52.6",
      "package_url": "https://github.com/microsoft/windows-rs",
      "repository": {
        "Http": {
          "url": "https://static.crates.io/crates/windows-targets/0.52.6/download",
          "sha256": "9b724f72796e036ab90c1021d4780d4d3d648aca59e491e6b98e725b84e99973"
        }
      },
      "targets": [
        {
          "Library": {
            "crate_name": "windows_targets",
            "crate_root": "src/lib.rs",
            "srcs": {
              "allow_empty": true,
              "include": [
                "**/*.rs"
              ]
            }
          }
        }
      ],
      "library_target_name": "windows_targets",
      "common_attrs": {
        "compile_data_glob": [
          "**"
        ],
        "deps": {
          "common": [],
          "selects": {
            "aarch64-pc-windows-gnullvm": [
              {
                "id": "windows_aarch64_gnullvm 0.52.6",
                "target": "windows_aarch64_gnullvm"
              }
            ],
            "cfg(all(any(target_arch = \"x86_64\", target_arch = \"arm64ec\"), target_env = \"msvc\", not(windows_raw_dylib)))": [
              {
                "id": "windows_x86_64_msvc 0.52.6",
                "target": "windows_x86_64_msvc"
              }
            ],
            "cfg(all(target_arch = \"aarch64\", target_env = \"msvc\", not(windows_raw_dylib)))": [
              {
                "id": "windows_aarch64_msvc 0.52.6",
                "target": "windows_aarch64_msvc"
              }
            ],
            "cfg(all(target_arch = \"x86\", target_env = \"gnu\", not(target_abi = \"llvm\"), not(windows_raw_dylib)))": [
              {
                "id": "windows_i686_gnu 0.52.6",
                "target": "windows_i686_gnu"
              }
            ],
            "cfg(all(target_arch = \"x86\", target_env = \"msvc\", not(windows_raw_dylib)))": [
              {
                "id": "windows_i686_msvc 0.52.6",
                "target": "windows_i686_msvc"
              }
            ],
            "cfg(all(target_arch = \"x86_64\", target_env = \"gnu\", not(target_abi = \"llvm\"), not(windows_raw_dylib)))": [
              {
                "id": "windows_x86_64_gnu 0.52.6",
                "target": "windows_x86_64_gnu"
              }
            ],
            "i686-pc-windows-gnullvm": [
              {
                "id": "windows_i686_gnullvm 0.52.6",
                "target": "windows_i686_gnullvm"
              }
            ],
            "x86_64-pc-windows-gnullvm": [
              {
                "id": "windows_x86_64_gnullvm 0.52.6",
                "target": "windows_x86_64_gnullvm"
              }
            ]
          }
        },
        "edition": "2021",
        "version": "0.52.6"
      },
      "license": "MIT OR Apache-2.0",
      "license_ids": [
        "Apache-2.0",
        "MIT"
      ],
      "license_file": "license-apache-2.0"
    },
    "windows_aarch64_gnullvm 0.52.6": {
      "name": "windows_aarch64_gnullvm",
      "version": "0.52.6",
      "package_url": "https://github.com/microsoft/windows-rs",
      "repository": {
        "Http": {
          "url": "https://static.crates.io/crates/windows_aarch64_gnullvm/0.52.6/download",
          "sha256": "32a4622180e7a0ec044bb555404c800bc9fd9ec262ec147edd5989ccd0c02cd3"
        }
      },
      "targets": [
        {
          "Library": {
            "crate_name": "windows_aarch64_gnullvm",
            "crate_root": "src/lib.rs",
            "srcs": {
              "allow_empty": true,
              "include": [
                "**/*.rs"
              ]
            }
          }
        },
        {
          "BuildScript": {
            "crate_name": "build_script_build",
            "crate_root": "build.rs",
            "srcs": {
              "allow_empty": true,
              "include": [
                "**/*.rs"
              ]
            }
          }
        }
      ],
      "library_target_name": "windows_aarch64_gnullvm",
      "common_attrs": {
        "compile_data_glob": [
          "**"
        ],
        "deps": {
          "common": [
            {
              "id": "windows_aarch64_gnullvm 0.52.6",
              "target": "build_script_build"
            }
          ],
          "selects": {}
        },
        "edition": "2021",
        "version": "0.52.6"
      },
      "build_script_attrs": {
        "compile_data_glob": [
          "**"
        ],
        "compile_data_glob_excludes": [
          "**/*.rs"
        ],
        "data_glob": [
          "**"
        ]
      },
      "license": "MIT OR Apache-2.0",
      "license_ids": [
        "Apache-2.0",
        "MIT"
      ],
      "license_file": "license-apache-2.0"
    },
    "windows_aarch64_msvc 0.52.6": {
      "name": "windows_aarch64_msvc",
      "version": "0.52.6",
      "package_url": "https://github.com/microsoft/windows-rs",
      "repository": {
        "Http": {
          "url": "https://static.crates.io/crates/windows_aarch64_msvc/0.52.6/download",
          "sha256": "09ec2a7bb152e2252b53fa7803150007879548bc709c039df7627cabbd05d469"
        }
      },
      "targets": [
        {
          "Library": {
            "crate_name": "windows_aarch64_msvc",
            "crate_root": "src/lib.rs",
            "srcs": {
              "allow_empty": true,
              "include": [
                "**/*.rs"
              ]
            }
          }
        },
        {
          "BuildScript": {
            "crate_name": "build_script_build",
            "crate_root": "build.rs",
            "srcs": {
              "allow_empty": true,
              "include": [
                "**/*.rs"
              ]
            }
          }
        }
      ],
      "library_target_name": "windows_aarch64_msvc",
      "common_attrs": {
        "compile_data_glob": [
          "**"
        ],
        "deps": {
          "common": [
            {
              "id": "windows_aarch64_msvc 0.52.6",
              "target": "build_script_build"
            }
          ],
          "selects": {}
        },
        "edition": "2021",
        "version": "0.52.6"
      },
      "build_script_attrs": {
        "compile_data_glob": [
          "**"
        ],
        "compile_data_glob_excludes": [
          "**/*.rs"
        ],
        "data_glob": [
          "**"
        ]
      },
      "license": "MIT OR Apache-2.0",
      "license_ids": [
        "Apache-2.0",
        "MIT"
      ],
      "license_file": "license-apache-2.0"
    },
    "windows_i686_gnu 0.52.6": {
      "name": "windows_i686_gnu",
      "version": "0.52.6",
      "package_url": "https://github.com/microsoft/windows-rs",
      "repository": {
        "Http": {
          "url": "https://static.crates.io/crates/windows_i686_gnu/0.52.6/download",
          "sha256": "8e9b5ad5ab802e97eb8e295ac6720e509ee4c243f69d781394014ebfe8bbfa0b"
        }
      },
      "targets": [
        {
          "Library": {
            "crate_name": "windows_i686_gnu",
            "crate_root": "src/lib.rs",
            "srcs": {
              "allow_empty": true,
              "include": [
                "**/*.rs"
              ]
            }
          }
        },
        {
          "BuildScript": {
            "crate_name": "build_script_build",
            "crate_root": "build.rs",
            "srcs": {
              "allow_empty": true,
              "include": [
                "**/*.rs"
              ]
            }
          }
        }
      ],
      "library_target_name": "windows_i686_gnu",
      "common_attrs": {
        "compile_data_glob": [
          "**"
        ],
        "deps": {
          "common": [
            {
              "id": "windows_i686_gnu 0.52.6",
              "target": "build_script_build"
            }
          ],
          "selects": {}
        },
        "edition": "2021",
        "version": "0.52.6"
      },
      "build_script_attrs": {
        "compile_data_glob": [
          "**"
        ],
        "compile_data_glob_excludes": [
          "**/*.rs"
        ],
        "data_glob": [
          "**"
        ]
      },
      "license": "MIT OR Apache-2.0",
      "license_ids": [
        "Apache-2.0",
        "MIT"
      ],
      "license_file": "license-apache-2.0"
    },
    "windows_i686_gnullvm 0.52.6": {
      "name": "windows_i686_gnullvm",
      "version": "0.52.6",
      "package_url": "https://github.com/microsoft/windows-rs",
      "repository": {
        "Http": {
          "url": "https://static.crates.io/crates/windows_i686_gnullvm/0.52.6/download",
          "sha256": "0eee52d38c090b3caa76c563b86c3a4bd71ef1a819287c19d586d7334ae8ed66"
        }
      },
      "targets": [
        {
          "Library": {
            "crate_name": "windows_i686_gnullvm",
            "crate_root": "src/lib.rs",
            "srcs": {
              "allow_empty": true,
              "include": [
                "**/*.rs"
              ]
            }
          }
        },
        {
          "BuildScript": {
            "crate_name": "build_script_build",
            "crate_root": "build.rs",
            "srcs": {
              "allow_empty": true,
              "include": [
                "**/*.rs"
              ]
            }
          }
        }
      ],
      "library_target_name": "windows_i686_gnullvm",
      "common_attrs": {
        "compile_data_glob": [
          "**"
        ],
        "deps": {
          "common": [
            {
              "id": "windows_i686_gnullvm 0.52.6",
              "target": "build_script_build"
            }
          ],
          "selects": {}
        },
        "edition": "2021",
        "version": "0.52.6"
      },
      "build_script_attrs": {
        "compile_data_glob": [
          "**"
        ],
        "compile_data_glob_excludes": [
          "**/*.rs"
        ],
        "data_glob": [
          "**"
        ]
      },
      "license": "MIT OR Apache-2.0",
      "license_ids": [
        "Apache-2.0",
        "MIT"
      ],
      "license_file": "license-apache-2.0"
    },
    "windows_i686_msvc 0.52.6": {
      "name": "windows_i686_msvc",
      "version": "0.52.6",
      "package_url": "https://github.com/microsoft/windows-rs",
      "repository": {
        "Http": {
          "url": "https://static.crates.io/crates/windows_i686_msvc/0.52.6/download",
          "sha256": "240948bc05c5e7c6dabba28bf89d89ffce3e303022809e73deaefe4f6ec56c66"
        }
      },
      "targets": [
        {
          "Library": {
            "crate_name": "windows_i686_msvc",
            "crate_root": "src/lib.rs",
            "srcs": {
              "allow_empty": true,
              "include": [
                "**/*.rs"
              ]
            }
          }
        },
        {
          "BuildScript": {
            "crate_name": "build_script_build",
            "crate_root": "build.rs",
            "srcs": {
              "allow_empty": true,
              "include": [
                "**/*.rs"
              ]
            }
          }
        }
      ],
      "library_target_name": "windows_i686_msvc",
      "common_attrs": {
        "compile_data_glob": [
          "**"
        ],
        "deps": {
          "common": [
            {
              "id": "windows_i686_msvc 0.52.6",
              "target": "build_script_build"
            }
          ],
          "selects": {}
        },
        "edition": "2021",
        "version": "0.52.6"
      },
      "build_script_attrs": {
        "compile_data_glob": [
          "**"
        ],
        "compile_data_glob_excludes": [
          "**/*.rs"
        ],
        "data_glob": [
          "**"
        ]
      },
      "license": "MIT OR Apache-2.0",
      "license_ids": [
        "Apache-2.0",
        "MIT"
      ],
      "license_file": "license-apache-2.0"
    },
    "windows_x86_64_gnu 0.52.6": {
      "name": "windows_x86_64_gnu",
      "version": "0.52.6",
      "package_url": "https://github.com/microsoft/windows-rs",
      "repository": {
        "Http": {
          "url": "https://static.crates.io/crates/windows_x86_64_gnu/0.52.6/download",
          "sha256": "147a5c80aabfbf0c7d901cb5895d1de30ef2907eb21fbbab29ca94c5b08b1a78"
        }
      },
      "targets": [
        {
          "Library": {
            "crate_name": "windows_x86_64_gnu",
            "crate_root": "src/lib.rs",
            "srcs": {
              "allow_empty": true,
              "include": [
                "**/*.rs"
              ]
            }
          }
        },
        {
          "BuildScript": {
            "crate_name": "build_script_build",
            "crate_root": "build.rs",
            "srcs": {
              "allow_empty": true,
              "include": [
                "**/*.rs"
              ]
            }
          }
        }
      ],
      "library_target_name": "windows_x86_64_gnu",
      "common_attrs": {
        "compile_data_glob": [
          "**"
        ],
        "deps": {
          "common": [
            {
              "id": "windows_x86_64_gnu 0.52.6",
              "target": "build_script_build"
            }
          ],
          "selects": {}
        },
        "edition": "2021",
        "version": "0.52.6"
      },
      "build_script_attrs": {
        "compile_data_glob": [
          "**"
        ],
        "compile_data_glob_excludes": [
          "**/*.rs"
        ],
        "data_glob": [
          "**"
        ]
      },
      "license": "MIT OR Apache-2.0",
      "license_ids": [
        "Apache-2.0",
        "MIT"
      ],
      "license_file": "license-apache-2.0"
    },
    "windows_x86_64_gnullvm 0.52.6": {
      "name": "windows_x86_64_gnullvm",
      "version": "0.52.6",
      "package_url": "https://github.com/microsoft/windows-rs",
      "repository": {
        "Http": {
          "url": "https://static.crates.io/crates/windows_x86_64_gnullvm/0.52.6/download",
          "sha256": "24d5b23dc417412679681396f2b49f3de8c1473deb516bd34410872eff51ed0d"
        }
      },
      "targets": [
        {
          "Library": {
            "crate_name": "windows_x86_64_gnullvm",
            "crate_root": "src/lib.rs",
            "srcs": {
              "allow_empty": true,
              "include": [
                "**/*.rs"
              ]
            }
          }
        },
        {
          "BuildScript": {
            "crate_name": "build_script_build",
            "crate_root": "build.rs",
            "srcs": {
              "allow_empty": true,
              "include": [
                "**/*.rs"
              ]
            }
          }
        }
      ],
      "library_target_name": "windows_x86_64_gnullvm",
      "common_attrs": {
        "compile_data_glob": [
          "**"
        ],
        "deps": {
          "common": [
            {
              "id": "windows_x86_64_gnullvm 0.52.6",
              "target": "build_script_build"
            }
          ],
          "selects": {}
        },
        "edition": "2021",
        "version": "0.52.6"
      },
      "build_script_attrs": {
        "compile_data_glob": [
          "**"
        ],
        "compile_data_glob_excludes": [
          "**/*.rs"
        ],
        "data_glob": [
          "**"
        ]
      },
      "license": "MIT OR Apache-2.0",
      "license_ids": [
        "Apache-2.0",
        "MIT"
      ],
      "license_file": "license-apache-2.0"
    },
    "windows_x86_64_msvc 0.52.6": {
      "name": "windows_x86_64_msvc",
      "version": "0.52.6",
      "package_url": "https://github.com/microsoft/windows-rs",
      "repository": {
        "Http": {
          "url": "https://static.crates.io/crates/windows_x86_64_msvc/0.52.6/download",
          "sha256": "589f6da84c646204747d1270a2a5661ea66ed1cced2631d546fdfb155959f9ec"
        }
      },
      "targets": [
        {
          "Library": {
            "crate_name": "windows_x86_64_msvc",
            "crate_root": "src/lib.rs",
            "srcs": {
              "allow_empty": true,
              "include": [
                "**/*.rs"
              ]
            }
          }
        },
        {
          "BuildScript": {
            "crate_name": "build_script_build",
            "crate_root": "build.rs",
            "srcs": {
              "allow_empty": true,
              "include": [
                "**/*.rs"
              ]
            }
          }
        }
      ],
      "library_target_name": "windows_x86_64_msvc",
      "common_attrs": {
        "compile_data_glob": [
          "**"
        ],
        "deps": {
          "common": [
            {
              "id": "windows_x86_64_msvc 0.52.6",
              "target": "build_script_build"
            }
          ],
          "selects": {}
        },
        "edition": "2021",
        "version": "0.52.6"
      },
      "build_script_attrs": {
        "compile_data_glob": [
          "**"
        ],
        "compile_data_glob_excludes": [
          "**/*.rs"
        ],
        "data_glob": [
          "**"
        ]
      },
      "license": "MIT OR Apache-2.0",
      "license_ids": [
        "Apache-2.0",
        "MIT"
      ],
      "license_file": "license-apache-2.0"
    }
  },
  "binary_crates": [],
  "workspace_members": {
    "cxxbridge-cmd 1.0.153": ""
  },
  "conditions": {
    "aarch64-apple-darwin": [
      "aarch64-apple-darwin"
    ],
    "aarch64-pc-windows-gnullvm": [],
    "aarch64-unknown-linux-gnu": [
      "aarch64-unknown-linux-gnu"
    ],
    "cfg(all(any(target_arch = \"x86_64\", target_arch = \"arm64ec\"), target_env = \"msvc\", not(windows_raw_dylib)))": [],
    "cfg(all(target_arch = \"aarch64\", target_env = \"msvc\", not(windows_raw_dylib)))": [],
    "cfg(all(target_arch = \"x86\", target_env = \"gnu\", not(target_abi = \"llvm\"), not(windows_raw_dylib)))": [],
    "cfg(all(target_arch = \"x86\", target_env = \"msvc\", not(windows_raw_dylib)))": [],
    "cfg(all(target_arch = \"x86_64\", target_env = \"gnu\", not(target_abi = \"llvm\"), not(windows_raw_dylib)))": [
      "x86_64-unknown-linux-gnu"
    ],
    "cfg(any())": [],
    "cfg(windows)": [],
    "i686-pc-windows-gnullvm": [],
    "wasm32-unknown-unknown": [
      "wasm32-unknown-unknown"
    ],
    "x86_64-apple-darwin": [
      "x86_64-apple-darwin"
    ],
    "x86_64-pc-windows-gnullvm": [],
    "x86_64-unknown-linux-gnu": [
      "x86_64-unknown-linux-gnu"
    ]
  },
  "direct_deps": [
    "clap 4.5.34",
    "codespan-reporting 0.12.0",
    "proc-macro2 1.0.94",
    "quote 1.0.40",
    "syn 2.0.100"
  ],
  "direct_dev_deps": [],
  "unused_patches": []
}
