# This file is automatically @generated by mz-deploy.
# It is not intended for manual editing.
version = 1

[[table]]
database = "app__staging"
schema = "public"
name = "my_table"
kind = "table"
columns = [
    { name = "id", type = "integer", nullable = true },
    { name = "label", type = "text", nullable = true },
]

[[table]]
database = "app__staging"
schema = "public"
name = "staging_config"
kind = "table"
columns = [
    { name = "key", type = "text", nullable = true },
    { name = "value", type = "text", nullable = true },
]
