# This file is automatically @generated by mz-deploy.
# It is not intended for manual editing.
version = 1

[[table]]
name = "app__staging.public.my_table"
columns = [
    { name = "id", type = "integer", nullable = true },
    { name = "label", type = "text", nullable = true },
]

[[table]]
name = "app__staging.public.staging_config"
columns = [
    { name = "key", type = "text", nullable = true },
    { name = "value", type = "text", nullable = true },
]
