# This file is automatically @generated by mz-deploy.
# It is not intended for manual editing.
version = 1

[[table]]
name = "mz_internal.mz_comments"
columns = [
    { name = "id", type = "text", nullable = false, comment = "The ID of the object. Corresponds to `mz_objects.id`." },
    { name = "object_type", type = "text", nullable = false, comment = "The type of object the comment is associated with." },
    { name = "object_sub_id", type = "integer", nullable = true, comment = "For a comment on a column of a relation, the column number. `NULL` for other object types." },
    { name = "comment", type = "text", nullable = false, comment = "The comment itself." },
]

[[view]]
name = "information_schema.tables"
columns = [
    { name = "table_catalog", type = "text", nullable = false },
    { name = "table_schema", type = "text", nullable = false },
    { name = "table_name", type = "text", nullable = false },
    { name = "table_type", type = "text", nullable = false },
]

[[view]]
name = "mz_catalog.mz_objects"
columns = [
    { name = "id", type = "text", nullable = false, comment = "Materialize's unique ID for the object." },
    { name = "oid", type = "oid", nullable = false, comment = "A PostgreSQL-compatible OID for the object." },
    { name = "schema_id", type = "text", nullable = false, comment = "The ID of the schema to which the object belongs. Corresponds to `mz_schemas.id`." },
    { name = "name", type = "text", nullable = false, comment = "The name of the object." },
    { name = "type", type = "text", nullable = false, comment = "The type of the object: one of `table`, `source`, `view`, `materialized-view`, `sink`, `index`, `connection`, `secret`, `type`, or `function`." },
    { name = "owner_id", type = "text", nullable = false, comment = "The role ID of the owner of the object. Corresponds to `mz_roles.id`." },
    { name = "cluster_id", type = "text", nullable = true, comment = "The ID of the cluster maintaining the source, materialized view, index, or sink. Corresponds to `mz_clusters.id`. `NULL` for other object types." },
    { name = "privileges", type = "mz_aclitem[]", nullable = true, comment = "The privileges belonging to the object." },
]

[[view]]
name = "pg_catalog.pg_class"
columns = [
    { name = "oid", type = "oid", nullable = false },
    { name = "relname", type = "text", nullable = false },
    { name = "relnamespace", type = "oid", nullable = false },
    { name = "reloftype", type = "oid", nullable = false },
    { name = "relowner", type = "oid", nullable = false },
    { name = "relam", type = "oid", nullable = false },
    { name = "reltablespace", type = "oid", nullable = false },
    { name = "reltuples", type = "real", nullable = false },
    { name = "reltoastrelid", type = "oid", nullable = false },
    { name = "relhasindex", type = "boolean", nullable = false },
    { name = "relpersistence", type = "char", nullable = false },
    { name = "relkind", type = "text", nullable = true },
    { name = "relnatts", type = "smallint", nullable = false },
    { name = "relchecks", type = "smallint", nullable = false },
    { name = "relhasrules", type = "boolean", nullable = false },
    { name = "relhastriggers", type = "boolean", nullable = false },
    { name = "relhassubclass", type = "boolean", nullable = false },
    { name = "relrowsecurity", type = "boolean", nullable = false },
    { name = "relforcerowsecurity", type = "boolean", nullable = false },
    { name = "relreplident", type = "char", nullable = false },
    { name = "relispartition", type = "boolean", nullable = false },
    { name = "relhasoids", type = "boolean", nullable = false },
    { name = "reloptions", type = "text[]", nullable = true },
]
